
Microsoft Visual Studio Solution File, Format Version 12.00
# Visual Studio 15
VisualStudioVersion = 15.0.27428.2037
MinimumVisualStudioVersion = 10.0.40219.1
Project("{FAE04EC0-301F-11D3-BF4B-00C04F79EFBC}") = "CaesarCipher", "CaesarCipher\CaesarCipher.csproj", "{14FFE13B-BDB8-4499-9084-14C92290A3F3}"
EndProject
Project("{FAE04EC0-301F-11D3-BF4B-00C04F79EFBC}") = "TestCipher", "TestCipher\TestCipher.csproj", "{9285F8C4-37EC-43EC-A249-2570066DF6F4}"
EndProject
Global
	GlobalSection(SolutionConfigurationPlatforms) = preSolution
		Debug|Any CPU = Debug|Any CPU
		Release|Any CPU = Release|Any CPU
	EndGlobalSection
	GlobalSection(ProjectConfigurationPlatforms) = postSolution
		{14FFE13B-BDB8-4499-9084-14C92290A3F3}.Debug|Any CPU.ActiveCfg = Debug|Any CPU
		{14FFE13B-BDB8-4499-9084-14C92290A3F3}.Debug|Any CPU.Build.0 = Debug|Any CPU
		{14FFE13B-BDB8-4499-9084-14C92290A3F3}.Release|Any CPU.ActiveCfg = Release|Any CPU
		{14FFE13B-BDB8-4499-9084-14C92290A3F3}.Release|Any CPU.Build.0 = Release|Any CPU
		{9285F8C4-37EC-43EC-A249-2570066DF6F4}.Debug|Any CPU.ActiveCfg = Debug|Any CPU
		{9285F8C4-37EC-43EC-A249-2570066DF6F4}.Debug|Any CPU.Build.0 = Debug|Any CPU
		{9285F8C4-37EC-43EC-A249-2570066DF6F4}.Release|Any CPU.ActiveCfg = Release|Any CPU
		{9285F8C4-37EC-43EC-A249-2570066DF6F4}.Release|Any CPU.Build.0 = Release|Any CPU
	EndGlobalSection
	GlobalSection(SolutionProperties) = preSolution
		HideSolutionNode = FALSE
	EndGlobalSection
	GlobalSection(ExtensibilityGlobals) = postSolution
		SolutionGuid = {2ADF7D93-DDDA-43E1-A4D4-6304FA177933}
	EndGlobalSection
	GlobalSection(TeamFoundationVersionControl) = preSolution
		SccNumberOfProjects = 3
		SccEnterpriseProvider = {4CA58AB2-18FA-4F8D-95D4-32DDF27D184C}
		SccTeamFoundationServer = https://ngotrung.visualstudio.com/
		SccLocalPath0 = .
		SccProjectUniqueName1 = CaesarCipher\\CaesarCipher.csproj
		SccProjectName1 = CaesarCipher
		SccLocalPath1 = CaesarCipher
		SccProjectUniqueName2 = TestCipher\\TestCipher.csproj
		SccProjectName2 = TestCipher
		SccLocalPath2 = TestCipher
	EndGlobalSection
EndGlobal
